
Microsoft Visual Studio Solution File, Format Version 12.00
# Visual Studio Version 16
VisualStudioVersion = 16.0.34301.259
MinimumVisualStudioVersion = 10.0.40219.1
Project("{FAE04EC0-301F-11D3-BF4B-00C04F79EFBC}") = "eCommerce", "eCommerce\eCommerce.csproj", "{3F16644B-3764-4589-B512-81110BA81946}"
EndProject
Global
	GlobalSection(SolutionConfigurationPlatforms) = preSolution
		Debug|Any CPU = Debug|Any CPU
		Release|Any CPU = Release|Any CPU
	EndGlobalSection
	GlobalSection(ProjectConfigurationPlatforms) = postSolution
		{3F16644B-3764-4589-B512-81110BA81946}.Debug|Any CPU.ActiveCfg = Debug|Any CPU
		{3F16644B-3764-4589-B512-81110BA81946}.Debug|Any CPU.Build.0 = Debug|Any CPU
		{3F16644B-3764-4589-B512-81110BA81946}.Release|Any CPU.ActiveCfg = Release|Any CPU
		{3F16644B-3764-4589-B512-81110BA81946}.Release|Any CPU.Build.0 = Release|Any CPU
	EndGlobalSection
	GlobalSection(SolutionProperties) = preSolution
		HideSolutionNode = FALSE
	EndGlobalSection
	GlobalSection(ExtensibilityGlobals) = postSolution
		SolutionGuid = {0490E95F-84D1-422B-8540-B900CB43A1BB}
	EndGlobalSection
EndGlobal
